
Microsoft Visual Studio Solution File, Format Version 12.00
# Visual Studio Version 16
VisualStudioVersion = 16.0.30320.27
MinimumVisualStudioVersion = 10.0.40219.1
Project("{FAE04EC0-301F-11D3-BF4B-00C04F79EFBC}") = "Sifreleme", "Sifreleme\Sifreleme.csproj", "{F71C1A79-30B9-405E-912F-5237B5E6061F}"
EndProject
Global
	GlobalSection(SolutionConfigurationPlatforms) = preSolution
		Debug|Any CPU = Debug|Any CPU
		Release|Any CPU = Release|Any CPU
	EndGlobalSection
	GlobalSection(ProjectConfigurationPlatforms) = postSolution
		{F71C1A79-30B9-405E-912F-5237B5E6061F}.Debug|Any CPU.ActiveCfg = Debug|Any CPU
		{F71C1A79-30B9-405E-912F-5237B5E6061F}.Debug|Any CPU.Build.0 = Debug|Any CPU
		{F71C1A79-30B9-405E-912F-5237B5E6061F}.Release|Any CPU.ActiveCfg = Release|Any CPU
		{F71C1A79-30B9-405E-912F-5237B5E6061F}.Release|Any CPU.Build.0 = Release|Any CPU
	EndGlobalSection
	GlobalSection(SolutionProperties) = preSolution
		HideSolutionNode = FALSE
	EndGlobalSection
	GlobalSection(ExtensibilityGlobals) = postSolution
		SolutionGuid = {4296D8B1-4FD5-4D81-9508-9FF7A33DD79F}
	EndGlobalSection
EndGlobal
